
Microsoft Visual Studio Solution File, Format Version 11.00
# Visual Studio 2010
Project("{FAE04EC0-301F-11D3-BF4B-00C04F79EFBC}") = "WpfKnob", "WpfKnob\WpfKnob.csproj", "{63E254DC-7EB2-4EFB-A67E-F0A82C4DBA94}"
EndProject
Project("{FAE04EC0-301F-11D3-BF4B-00C04F79EFBC}") = "WpfKnob.Demo", "WpfKnob.Demo\WpfKnob.Demo.csproj", "{D316940C-57B9-4A1C-A529-C695C2A4FF15}"
EndProject
Global
	GlobalSection(SolutionConfigurationPlatforms) = preSolution
		Debug|Any CPU = Debug|Any CPU
		Debug|Mixed Platforms = Debug|Mixed Platforms
		Debug|x86 = Debug|x86
		Release|Any CPU = Release|Any CPU
		Release|Mixed Platforms = Release|Mixed Platforms
		Release|x86 = Release|x86
	EndGlobalSection
	GlobalSection(ProjectConfigurationPlatforms) = postSolution
		{63E254DC-7EB2-4EFB-A67E-F0A82C4DBA94}.Debug|Any CPU.ActiveCfg = Debug|Any CPU
		{63E254DC-7EB2-4EFB-A67E-F0A82C4DBA94}.Debug|Any CPU.Build.0 = Debug|Any CPU
		{63E254DC-7EB2-4EFB-A67E-F0A82C4DBA94}.Debug|Mixed Platforms.ActiveCfg = Debug|Any CPU
		{63E254DC-7EB2-4EFB-A67E-F0A82C4DBA94}.Debug|Mixed Platforms.Build.0 = Debug|Any CPU
		{63E254DC-7EB2-4EFB-A67E-F0A82C4DBA94}.Debug|x86.ActiveCfg = Debug|Any CPU
		{63E254DC-7EB2-4EFB-A67E-F0A82C4DBA94}.Release|Any CPU.ActiveCfg = Release|Any CPU
		{63E254DC-7EB2-4EFB-A67E-F0A82C4DBA94}.Release|Any CPU.Build.0 = Release|Any CPU
		{63E254DC-7EB2-4EFB-A67E-F0A82C4DBA94}.Release|Mixed Platforms.ActiveCfg = Release|Any CPU
		{63E254DC-7EB2-4EFB-A67E-F0A82C4DBA94}.Release|Mixed Platforms.Build.0 = Release|Any CPU
		{63E254DC-7EB2-4EFB-A67E-F0A82C4DBA94}.Release|x86.ActiveCfg = Release|Any CPU
		{D316940C-57B9-4A1C-A529-C695C2A4FF15}.Debug|Any CPU.ActiveCfg = Debug|x86
		{D316940C-57B9-4A1C-A529-C695C2A4FF15}.Debug|Mixed Platforms.ActiveCfg = Debug|x86
		{D316940C-57B9-4A1C-A529-C695C2A4FF15}.Debug|Mixed Platforms.Build.0 = Debug|x86
		{D316940C-57B9-4A1C-A529-C695C2A4FF15}.Debug|x86.ActiveCfg = Debug|x86
		{D316940C-57B9-4A1C-A529-C695C2A4FF15}.Debug|x86.Build.0 = Debug|x86
		{D316940C-57B9-4A1C-A529-C695C2A4FF15}.Release|Any CPU.ActiveCfg = Release|x86
		{D316940C-57B9-4A1C-A529-C695C2A4FF15}.Release|Mixed Platforms.ActiveCfg = Release|x86
		{D316940C-57B9-4A1C-A529-C695C2A4FF15}.Release|Mixed Platforms.Build.0 = Release|x86
		{D316940C-57B9-4A1C-A529-C695C2A4FF15}.Release|x86.ActiveCfg = Release|x86
		{D316940C-57B9-4A1C-A529-C695C2A4FF15}.Release|x86.Build.0 = Release|x86
	EndGlobalSection
	GlobalSection(SolutionProperties) = preSolution
		HideSolutionNode = FALSE
	EndGlobalSection
EndGlobal
